{
  "version": 4,
  "terraform_version": "0.12.9",
  "serial": 1,
  "lineage": "c3804ca0-5f3e-99d3-896d-e7ec4f9171b7",
  "outputs": {},
  "resources": [
    {
      "mode": "managed",
      "type": "aws_s3_bucket",
      "name": "website_bucket",
      "provider": "provider.aws",
      "instances": [
        {
          "schema_version": 0,
          "attributes": {
            "acceleration_status": "",
            "acl": "public-read",
            "arn": "arn:aws:s3:::pipes-website-stage",
            "bucket": "pipes-website-stage",
            "bucket_domain_name": "pipes-website-stage.s3.amazonaws.com",
            "bucket_prefix": null,
            "bucket_regional_domain_name": "pipes-website-stage.s3.eu-west-1.amazonaws.com",
            "cors_rule": [],
            "force_destroy": false,
            "hosted_zone_id": "Z1BKCTXD74EZPE",
            "id": "pipes-website-stage",
            "lifecycle_rule": [],
            "logging": [],
            "object_lock_configuration": [],
            "policy": null,
            "region": "eu-west-1",
            "replication_configuration": [],
            "request_payer": "BucketOwner",
            "server_side_encryption_configuration": [],
            "tags": {
              "tf_stack": "pipes-website-stage"
            },
            "versioning": [
              {
                "enabled": false,
                "mfa_delete": false
              }
            ],
            "website": [],
            "website_domain": null,
            "website_endpoint": null
          },
          "private": "bnVsbA=="
        }
      ]
    }
  ]
}
