lockfileVersion: '9.0'

settings:
  autoInstallPeers: true
  excludeLinksFromLockfile: false

importers:

  .:
    dependencies:
      jose:
        specifier: ^5.4.1
        version: 5.4.1
      readline-sync:
        specifier: ^1.4.10
        version: 1.4.10

packages:

  jose@5.4.1:
    resolution: {integrity: sha512-U6QajmpV/nhL9SyfAewo000fkiRQ+Yd2H0lBxJJ9apjpOgkOcBQJWOrMo917lxLptdS/n/o/xPzMkXhF46K8hQ==}

  readline-sync@1.4.10:
    resolution: {integrity: sha512-gNva8/6UAe8QYepIQH/jQ2qn91Qj0B9sYjMBBs3QOB8F2CXcKgLxQaJRP76sWVRQt+QU+8fAkCbCvjjMFu7Ycw==}
    engines: {node: '>= 0.8.0'}

snapshots:

  jose@5.4.1: {}

  readline-sync@1.4.10: {}
