lockfileVersion: 5.4

specifiers:
  jose: ^4.10.0
  readline-sync: ^1.4.10

dependencies:
  jose: 4.10.0
  readline-sync: 1.4.10

packages:

  /jose/4.10.0:
    resolution: {integrity: sha512-KEhB/eLGLomWGPTb+/RNbYsTjIyx03JmbqAyIyiXBuNSa7CmNrJd5ysFhblayzs/e/vbOPMUaLnjHUMhGp4yLw==}
    dev: false

  /readline-sync/1.4.10:
    resolution: {integrity: sha512-gNva8/6UAe8QYepIQH/jQ2qn91Qj0B9sYjMBBs3QOB8F2CXcKgLxQaJRP76sWVRQt+QU+8fAkCbCvjjMFu7Ycw==}
    engines: {node: '>= 0.8.0'}
    dev: false
