dependencies:
- name: orchesty
  repository: https://orchesty.github.io/helm-charts/
  version: 2.1.3
- name: demo-applinth
  repository: ""
  version: '*'
- name: mongodb
  repository: ""
  version: '*'
- name: rabbitmq
  repository: ""
  version: '*'
digest: sha256:ee417ad1bbd4d14e566df53d781e24471a353a6cc9c5cbbadbf9c727ecfb706e
generated: "2023-07-20T17:37:12.646097+02:00"
