dependencies:
- name: orchesty
  repository: https://orchesty.github.io/helm-charts/
  version: 2.0.0
- name: mongodb
  repository: ""
  version: '*'
- name: rabbitmq
  repository: ""
  version: '*'
digest: sha256:9cba046f88ebf8caf5a0c1eb628d16d6b7cba4b526d598098b9dfa23753de089
generated: "2023-02-24T15:33:38.628234059+01:00"
