dependencies:
- name: orchesty
  repository: https://orchesty.github.io/helm-charts/
  version: 2.1.11
- name: demo-applinth
  repository: ""
  version: '*'
- name: mongodb
  repository: ""
  version: '*'
- name: rabbitmq
  repository: ""
  version: '*'
digest: sha256:31cdd207cac99f7864fc55b74e37000997eaccbd2f484fdf9299ca5678848851
generated: "2025-11-24T10:05:41.586671+01:00"
